// !$*UTF8*$!
{
	archiveVersion = 1;
	classes = {
	};
	objectVersion = 70;
	objects = {

/* Begin PBXBuildFile section */
		A1000000000000000000001B /* KeepApp.swift in Sources */ = {isa = PBXBuildFile; fileRef = A1000000000000000000001A /* KeepApp.swift */; };
		A1000000000000000000002B /* ContentView.swift in Sources */ = {isa = PBXBuildFile; fileRef = A1000000000000000000002A /* ContentView.swift */; };
		A1000000000000000000003B /* Clip.swift in Sources */ = {isa = PBXBuildFile; fileRef = A1000000000000000000003A /* Clip.swift */; };
		A1000000000000000000004B /* Project.swift in Sources */ = {isa = PBXBuildFile; fileRef = A1000000000000000000004A /* Project.swift */; };
		A1000000000000000000005B /* CameraService.swift in Sources */ = {isa = PBXBuildFile; fileRef = A1000000000000000000005A /* CameraService.swift */; };
		A1000000000000000000006B /* VideoComposer.swift in Sources */ = {isa = PBXBuildFile; fileRef = A1000000000000000000006A /* VideoComposer.swift */; };
		A1000000000000000000007B /* CameraView.swift in Sources */ = {isa = PBXBuildFile; fileRef = A1000000000000000000007A /* CameraView.swift */; };
		A1000000000000000000008B /* CameraPreviewView.swift in Sources */ = {isa = PBXBuildFile; fileRef = A1000000000000000000008A /* CameraPreviewView.swift */; };
		A100000000000000000000AB /* ProjectListView.swift in Sources */ = {isa = PBXBuildFile; fileRef = A100000000000000000000AA /* ProjectListView.swift */; };
		A100000000000000000000BB /* ProjectDetailView.swift in Sources */ = {isa = PBXBuildFile; fileRef = A100000000000000000000BA /* ProjectDetailView.swift */; };
		A100000000000000000002AB /* Assets.xcassets in Resources */ = {isa = PBXBuildFile; fileRef = A100000000000000000002AA /* Assets.xcassets */; };
		A100000000000000000003AB /* VideoTransferable.swift in Sources */ = {isa = PBXBuildFile; fileRef = A100000000000000000003AA /* VideoTransferable.swift */; };
		A100000000000000000004AB /* CompilationOptionsView.swift in Sources */ = {isa = PBXBuildFile; fileRef = A100000000000000000004AA /* CompilationOptionsView.swift */; };
		A100000000000000000007AB /* ProjectPlayerView.swift in Sources */ = {isa = PBXBuildFile; fileRef = A100000000000000000007AA /* ProjectPlayerView.swift */; };
		A100000000000000000009AB /* Theme.swift in Sources */ = {isa = PBXBuildFile; fileRef = A100000000000000000009AA /* Theme.swift */; };
		C9D93A1A05D3BC3A3CF84A28 /* Zoomable.swift in Sources */ = {isa = PBXBuildFile; fileRef = 9DDB57BD1463D329736BBBC7 /* Zoomable.swift */; };
		A10000000000000000000A1B /* PatrickHand-Regular.ttf in Resources */ = {isa = PBXBuildFile; fileRef = A10000000000000000000A1A /* PatrickHand-Regular.ttf */; };
		A10000000000000000000A2B /* JetBrainsMono-Regular.ttf in Resources */ = {isa = PBXBuildFile; fileRef = A10000000000000000000A2A /* JetBrainsMono-Regular.ttf */; };
		A10000000000000000000A3B /* JetBrainsMono-Medium.ttf in Resources */ = {isa = PBXBuildFile; fileRef = A10000000000000000000A3A /* JetBrainsMono-Medium.ttf */; };
		A10000000000000000000A4B /* Caveat-Regular.ttf in Resources */ = {isa = PBXBuildFile; fileRef = A10000000000000000000A4A /* Caveat-Regular.ttf */; };
		BDBD12C1BCD68B19DDA9F81F /* BumperIntro.mp4 in Resources */ = {isa = PBXBuildFile; fileRef = 3214CCF6B29CE7979B96852E /* BumperIntro.mp4 */; };
		A10000000000000000000B1B /* ExportProgressOverlay.swift in Sources */ = {isa = PBXBuildFile; fileRef = A10000000000000000000B1A /* ExportProgressOverlay.swift */; };
		A10000000000000000000C1B /* OnThisDayView.swift in Sources */ = {isa = PBXBuildFile; fileRef = A10000000000000000000C1A /* OnThisDayView.swift */; };
		A10000000000000000000C3B /* ClipTrimView.swift in Sources */ = {isa = PBXBuildFile; fileRef = A10000000000000000000C3A /* ClipTrimView.swift */; };
		A10000000000000000000C5B /* ArchiveView.swift in Sources */ = {isa = PBXBuildFile; fileRef = A10000000000000000000C5A /* ArchiveView.swift */; };
		A10000000000000000000F1B /* SettingsView.swift in Sources */ = {isa = PBXBuildFile; fileRef = A10000000000000000000F1A /* SettingsView.swift */; };
		A10000000000000000001001B /* OnboardingView.swift in Sources */ = {isa = PBXBuildFile; fileRef = A10000000000000000001001A /* OnboardingView.swift */; };
		A10000000000000000001101B /* DiaryTimelineView.swift in Sources */ = {isa = PBXBuildFile; fileRef = A10000000000000000001101A /* DiaryTimelineView.swift */; };
		A407405FED9C35D616ACFF85 /* LocationService.swift in Sources */ = {isa = PBXBuildFile; fileRef = DA9F151E83C53BBFA749E340 /* LocationService.swift */; };
		855D8D4958D1BC1DE4460B24 /* PlacesData.swift in Sources */ = {isa = PBXBuildFile; fileRef = 358D483CD9078CE50FA58E00 /* PlacesData.swift */; };
		E07254987DE2B3065FE091BF /* PlacesMapView.swift in Sources */ = {isa = PBXBuildFile; fileRef = AF966B9A69CB473C1905BA20 /* PlacesMapView.swift */; };
		8884B4F67DEE3500CEE77622 /* PlacesScrubberView.swift in Sources */ = {isa = PBXBuildFile; fileRef = 40D7D78F9F9B18231FE79E80 /* PlacesScrubberView.swift */; };
		AFB2CB2406C296FD556FC669 /* ClipViewer.swift in Sources */ = {isa = PBXBuildFile; fileRef = 9F1C91A588EE9E83B3832F68 /* ClipViewer.swift */; };
		D70497924E6708296CAD3865 /* PlaceDetailSheet.swift in Sources */ = {isa = PBXBuildFile; fileRef = 9A90E8DF4381FFE4AA6526CB /* PlaceDetailSheet.swift */; };
		C328CD4A2FB728B300443F80 /* WidgetKit.framework in Frameworks */ = {isa = PBXBuildFile; fileRef = C328CD492FB728B300443F80 /* WidgetKit.framework */; };
		C328CD4C2FB728B300443F80 /* SwiftUI.framework in Frameworks */ = {isa = PBXBuildFile; fileRef = C328CD4B2FB728B300443F80 /* SwiftUI.framework */; };
		C328CD592FB728B400443F80 /* KeepWidgetExtension.appex in Embed Foundation Extensions */ = {isa = PBXBuildFile; fileRef = C328CD472FB728B300443F80 /* KeepWidgetExtension.appex */; settings = {ATTRIBUTES = (RemoveHeadersOnCopy, ); }; };
		C328CD622FB72AD700443F80 /* WidgetDataStore.swift in Sources */ = {isa = PBXBuildFile; fileRef = C328CD612FB72AD700443F80 /* WidgetDataStore.swift */; };
		6F64E3A7CA3B974E470EA53A /* ClipFileRepair.swift in Sources */ = {isa = PBXBuildFile; fileRef = 641C480235C501F716869E69 /* ClipFileRepair.swift */; };
		8DDD0E0E5B6B36CE01C06E0D /* TrashSweep.swift in Sources */ = {isa = PBXBuildFile; fileRef = BB5D0C3509CD70CE81012C7B /* TrashSweep.swift */; };
		3C7A1E4D90B2F5610AD3E88C /* AudioLoudness.swift in Sources */ = {isa = PBXBuildFile; fileRef = 5E1B9D02A4C7361FB80E29D4 /* AudioLoudness.swift */; };
		9A4C7E1B60D3F582A17C0B4E /* WidgetSetup.swift in Sources */ = {isa = PBXBuildFile; fileRef = 6D5F03A9C842E71B905A3FD6 /* WidgetSetup.swift */; };
		A63F80D2519E4C7B02A1FD65 /* YearSpiral.swift in Sources */ = {isa = PBXBuildFile; fileRef = C41A75E68B03D29F14E7A0B3 /* YearSpiral.swift */; };
		7B4E2A91C05D183FA6721E4B /* ClipTone.swift in Sources */ = {isa = PBXBuildFile; fileRef = 2D9C6F30E84B57A10C3D9182 /* ClipTone.swift */; };
		AE435650A6DD218729E32302 /* MemoriesStats.swift in Sources */ = {isa = PBXBuildFile; fileRef = 1FEF1B8A70C659C2355B054E /* MemoriesStats.swift */; };
		E099F9B396BEACE6D2995BD5 /* TrashView.swift in Sources */ = {isa = PBXBuildFile; fileRef = 32B317E6D6DFB6B66D54B1DB /* TrashView.swift */; };
		C328CD632FB72B1700443F80 /* WidgetKit.framework in Frameworks */ = {isa = PBXBuildFile; fileRef = C328CD492FB728B300443F80 /* WidgetKit.framework */; };
		C3B3F5412FB67E7A00518F91 /* AppIcon-1024.png in Resources */ = {isa = PBXBuildFile; fileRef = C3B3F5402FB67E7A00518F91 /* AppIcon-1024.png */; };
		A10000000000000000000D1B /* PrivacyInfo.xcprivacy in Resources */ = {isa = PBXBuildFile; fileRef = A10000000000000000000D1A /* PrivacyInfo.xcprivacy */; };
		A10000000000000000000E1B /* Localizable.xcstrings in Resources */ = {isa = PBXBuildFile; fileRef = A10000000000000000000E1A /* Localizable.xcstrings */; };
/* End PBXBuildFile section */

/* Begin PBXContainerItemProxy section */
		C328CD572FB728B400443F80 /* PBXContainerItemProxy */ = {
			isa = PBXContainerItemProxy;
			containerPortal = A1000000000000000000000A /* Project object */;
			proxyType = 1;
			remoteGlobalIDString = C328CD462FB728B300443F80;
			remoteInfo = KeepWidgetExtension;
		};
/* End PBXContainerItemProxy section */

/* Begin PBXCopyFilesBuildPhase section */
		C328CD5A2FB728B400443F80 /* Embed Foundation Extensions */ = {
			isa = PBXCopyFilesBuildPhase;
			buildActionMask = 2147483647;
			dstPath = "";
			dstSubfolderSpec = 13;
			files = (
				C328CD592FB728B400443F80 /* KeepWidgetExtension.appex in Embed Foundation Extensions */,
			);
			name = "Embed Foundation Extensions";
			runOnlyForDeploymentPostprocessing = 0;
		};
/* End PBXCopyFilesBuildPhase section */

/* Begin PBXFileReference section */
		A1000000000000000000000C /* Keep.app */ = {isa = PBXFileReference; explicitFileType = wrapper.application; includeInIndex = 0; path = Keep.app; sourceTree = BUILT_PRODUCTS_DIR; };
		A1000000000000000000001A /* KeepApp.swift */ = {isa = PBXFileReference; lastKnownFileType = sourcecode.swift; path = KeepApp.swift; sourceTree = "<group>"; };
		A1000000000000000000002A /* ContentView.swift */ = {isa = PBXFileReference; lastKnownFileType = sourcecode.swift; path = ContentView.swift; sourceTree = "<group>"; };
		A1000000000000000000003A /* Clip.swift */ = {isa = PBXFileReference; lastKnownFileType = sourcecode.swift; path = Clip.swift; sourceTree = "<group>"; };
		A1000000000000000000004A /* Project.swift */ = {isa = PBXFileReference; lastKnownFileType = sourcecode.swift; path = Project.swift; sourceTree = "<group>"; };
		A1000000000000000000005A /* CameraService.swift */ = {isa = PBXFileReference; lastKnownFileType = sourcecode.swift; path = CameraService.swift; sourceTree = "<group>"; };
		A1000000000000000000006A /* VideoComposer.swift */ = {isa = PBXFileReference; lastKnownFileType = sourcecode.swift; path = VideoComposer.swift; sourceTree = "<group>"; };
		A1000000000000000000007A /* CameraView.swift */ = {isa = PBXFileReference; lastKnownFileType = sourcecode.swift; path = CameraView.swift; sourceTree = "<group>"; };
		A1000000000000000000008A /* CameraPreviewView.swift */ = {isa = PBXFileReference; lastKnownFileType = sourcecode.swift; path = CameraPreviewView.swift; sourceTree = "<group>"; };
		A100000000000000000000AA /* ProjectListView.swift */ = {isa = PBXFileReference; lastKnownFileType = sourcecode.swift; path = ProjectListView.swift; sourceTree = "<group>"; };
		A100000000000000000000BA /* ProjectDetailView.swift */ = {isa = PBXFileReference; lastKnownFileType = sourcecode.swift; path = ProjectDetailView.swift; sourceTree = "<group>"; };
		A100000000000000000000CA /* Info.plist */ = {isa = PBXFileReference; lastKnownFileType = text.plist.xml; path = Info.plist; sourceTree = "<group>"; };
		A100000000000000000002AA /* Assets.xcassets */ = {isa = PBXFileReference; lastKnownFileType = folder.assetcatalog; path = Assets.xcassets; sourceTree = "<group>"; };
		A100000000000000000003AA /* VideoTransferable.swift */ = {isa = PBXFileReference; lastKnownFileType = sourcecode.swift; path = VideoTransferable.swift; sourceTree = "<group>"; };
		A100000000000000000004AA /* CompilationOptionsView.swift */ = {isa = PBXFileReference; lastKnownFileType = sourcecode.swift; path = CompilationOptionsView.swift; sourceTree = "<group>"; };
		A100000000000000000007AA /* ProjectPlayerView.swift */ = {isa = PBXFileReference; lastKnownFileType = sourcecode.swift; path = ProjectPlayerView.swift; sourceTree = "<group>"; };
		A100000000000000000009AA /* Theme.swift */ = {isa = PBXFileReference; lastKnownFileType = sourcecode.swift; path = Theme.swift; sourceTree = "<group>"; };
		9DDB57BD1463D329736BBBC7 /* Zoomable.swift */ = {isa = PBXFileReference; lastKnownFileType = sourcecode.swift; path = Zoomable.swift; sourceTree = "<group>"; };
		A10000000000000000000A1A /* PatrickHand-Regular.ttf */ = {isa = PBXFileReference; lastKnownFileType = file; path = "PatrickHand-Regular.ttf"; sourceTree = "<group>"; };
		A10000000000000000000A2A /* JetBrainsMono-Regular.ttf */ = {isa = PBXFileReference; lastKnownFileType = file; path = "JetBrainsMono-Regular.ttf"; sourceTree = "<group>"; };
		A10000000000000000000A3A /* JetBrainsMono-Medium.ttf */ = {isa = PBXFileReference; lastKnownFileType = file; path = "JetBrainsMono-Medium.ttf"; sourceTree = "<group>"; };
		A10000000000000000000A4A /* Caveat-Regular.ttf */ = {isa = PBXFileReference; lastKnownFileType = file; path = "Caveat-Regular.ttf"; sourceTree = "<group>"; };
		3214CCF6B29CE7979B96852E /* BumperIntro.mp4 */ = {isa = PBXFileReference; lastKnownFileType = file; path = "BumperIntro.mp4"; sourceTree = "<group>"; };
		A10000000000000000000B1A /* ExportProgressOverlay.swift */ = {isa = PBXFileReference; lastKnownFileType = sourcecode.swift; path = ExportProgressOverlay.swift; sourceTree = "<group>"; };
		A10000000000000000000C1A /* OnThisDayView.swift */ = {isa = PBXFileReference; lastKnownFileType = sourcecode.swift; path = OnThisDayView.swift; sourceTree = "<group>"; };
		A10000000000000000000C3A /* ClipTrimView.swift */ = {isa = PBXFileReference; lastKnownFileType = sourcecode.swift; path = ClipTrimView.swift; sourceTree = "<group>"; };
		A10000000000000000000C5A /* ArchiveView.swift */ = {isa = PBXFileReference; lastKnownFileType = sourcecode.swift; path = ArchiveView.swift; sourceTree = "<group>"; };
		A10000000000000000000D1A /* PrivacyInfo.xcprivacy */ = {isa = PBXFileReference; lastKnownFileType = text.xml; path = PrivacyInfo.xcprivacy; sourceTree = "<group>"; };
		A10000000000000000000E1A /* Localizable.xcstrings */ = {isa = PBXFileReference; lastKnownFileType = text.json.xcstrings; path = Localizable.xcstrings; sourceTree = "<group>"; };
		A10000000000000000000F1A /* SettingsView.swift */ = {isa = PBXFileReference; lastKnownFileType = sourcecode.swift; path = SettingsView.swift; sourceTree = "<group>"; };
		A10000000000000000001001A /* OnboardingView.swift */ = {isa = PBXFileReference; lastKnownFileType = sourcecode.swift; path = OnboardingView.swift; sourceTree = "<group>"; };
		A10000000000000000001101A /* DiaryTimelineView.swift */ = {isa = PBXFileReference; lastKnownFileType = sourcecode.swift; path = DiaryTimelineView.swift; sourceTree = "<group>"; };
		DA9F151E83C53BBFA749E340 /* LocationService.swift */ = {isa = PBXFileReference; lastKnownFileType = sourcecode.swift; path = LocationService.swift; sourceTree = "<group>"; };
		358D483CD9078CE50FA58E00 /* PlacesData.swift */ = {isa = PBXFileReference; lastKnownFileType = sourcecode.swift; path = PlacesData.swift; sourceTree = "<group>"; };
		AF966B9A69CB473C1905BA20 /* PlacesMapView.swift */ = {isa = PBXFileReference; lastKnownFileType = sourcecode.swift; path = PlacesMapView.swift; sourceTree = "<group>"; };
		40D7D78F9F9B18231FE79E80 /* PlacesScrubberView.swift */ = {isa = PBXFileReference; lastKnownFileType = sourcecode.swift; path = PlacesScrubberView.swift; sourceTree = "<group>"; };
		9F1C91A588EE9E83B3832F68 /* ClipViewer.swift */ = {isa = PBXFileReference; lastKnownFileType = sourcecode.swift; path = ClipViewer.swift; sourceTree = "<group>"; };
		9A90E8DF4381FFE4AA6526CB /* PlaceDetailSheet.swift */ = {isa = PBXFileReference; lastKnownFileType = sourcecode.swift; path = PlaceDetailSheet.swift; sourceTree = "<group>"; };
		C328CD472FB728B300443F80 /* KeepWidgetExtension.appex */ = {isa = PBXFileReference; explicitFileType = "wrapper.app-extension"; includeInIndex = 0; path = KeepWidgetExtension.appex; sourceTree = BUILT_PRODUCTS_DIR; };
		C328CD492FB728B300443F80 /* WidgetKit.framework */ = {isa = PBXFileReference; lastKnownFileType = wrapper.framework; name = WidgetKit.framework; path = System/Library/Frameworks/WidgetKit.framework; sourceTree = SDKROOT; };
		C328CD4B2FB728B300443F80 /* SwiftUI.framework */ = {isa = PBXFileReference; lastKnownFileType = wrapper.framework; name = SwiftUI.framework; path = System/Library/Frameworks/SwiftUI.framework; sourceTree = SDKROOT; };
		C328CD5F2FB729B900443F80 /* Keep.entitlements */ = {isa = PBXFileReference; lastKnownFileType = text.plist.entitlements; path = Keep.entitlements; sourceTree = "<group>"; };
		C328CD602FB729E000443F80 /* KeepWidgetExtension.entitlements */ = {isa = PBXFileReference; lastKnownFileType = text.plist.entitlements; path = KeepWidgetExtension.entitlements; sourceTree = "<group>"; };
		C328CD612FB72AD700443F80 /* WidgetDataStore.swift */ = {isa = PBXFileReference; lastKnownFileType = sourcecode.swift; path = WidgetDataStore.swift; sourceTree = "<group>"; };
		641C480235C501F716869E69 /* ClipFileRepair.swift */ = {isa = PBXFileReference; lastKnownFileType = sourcecode.swift; path = ClipFileRepair.swift; sourceTree = "<group>"; };
		BB5D0C3509CD70CE81012C7B /* TrashSweep.swift */ = {isa = PBXFileReference; lastKnownFileType = sourcecode.swift; path = TrashSweep.swift; sourceTree = "<group>"; };
		5E1B9D02A4C7361FB80E29D4 /* AudioLoudness.swift */ = {isa = PBXFileReference; lastKnownFileType = sourcecode.swift; path = AudioLoudness.swift; sourceTree = "<group>"; };
		6D5F03A9C842E71B905A3FD6 /* WidgetSetup.swift */ = {isa = PBXFileReference; lastKnownFileType = sourcecode.swift; path = WidgetSetup.swift; sourceTree = "<group>"; };
		C41A75E68B03D29F14E7A0B3 /* YearSpiral.swift */ = {isa = PBXFileReference; lastKnownFileType = sourcecode.swift; path = YearSpiral.swift; sourceTree = "<group>"; };
		2D9C6F30E84B57A10C3D9182 /* ClipTone.swift */ = {isa = PBXFileReference; lastKnownFileType = sourcecode.swift; path = ClipTone.swift; sourceTree = "<group>"; };
		1FEF1B8A70C659C2355B054E /* MemoriesStats.swift */ = {isa = PBXFileReference; lastKnownFileType = sourcecode.swift; path = MemoriesStats.swift; sourceTree = "<group>"; };
		32B317E6D6DFB6B66D54B1DB /* TrashView.swift */ = {isa = PBXFileReference; lastKnownFileType = sourcecode.swift; path = TrashView.swift; sourceTree = "<group>"; };
		C3B3F5402FB67E7A00518F91 /* AppIcon-1024.png */ = {isa = PBXFileReference; lastKnownFileType = image.png; path = "AppIcon-1024.png"; sourceTree = "<group>"; };
/* End PBXFileReference section */

/* Begin PBXFileSystemSynchronizedBuildFileExceptionSet section */
		C328CD5D2FB728B400443F80 /* PBXFileSystemSynchronizedBuildFileExceptionSet */ = {
			isa = PBXFileSystemSynchronizedBuildFileExceptionSet;
			membershipExceptions = (
				Info.plist,
			);
			target = C328CD462FB728B300443F80 /* KeepWidgetExtension */;
		};
/* End PBXFileSystemSynchronizedBuildFileExceptionSet section */

/* Begin PBXFileSystemSynchronizedRootGroup section */
		C328CD4D2FB728B300443F80 /* KeepWidget */ = {isa = PBXFileSystemSynchronizedRootGroup; exceptions = (C328CD5D2FB728B400443F80 /* PBXFileSystemSynchronizedBuildFileExceptionSet */, ); explicitFileTypes = {}; explicitFolders = (); path = KeepWidget; sourceTree = "<group>"; };
/* End PBXFileSystemSynchronizedRootGroup section */

/* Begin PBXFrameworksBuildPhase section */
		A1000000000000000000018A /* Frameworks */ = {
			isa = PBXFrameworksBuildPhase;
			buildActionMask = 2147483647;
			files = (
				C328CD632FB72B1700443F80 /* WidgetKit.framework in Frameworks */,
			);
			runOnlyForDeploymentPostprocessing = 0;
		};
		C328CD442FB728B300443F80 /* Frameworks */ = {
			isa = PBXFrameworksBuildPhase;
			buildActionMask = 2147483647;
			files = (
				C328CD4C2FB728B300443F80 /* SwiftUI.framework in Frameworks */,
				C328CD4A2FB728B300443F80 /* WidgetKit.framework in Frameworks */,
			);
			runOnlyForDeploymentPostprocessing = 0;
		};
/* End PBXFrameworksBuildPhase section */

/* Begin PBXGroup section */
		A100000000000000000000DA = {
			isa = PBXGroup;
			children = (
				C328CD602FB729E000443F80 /* KeepWidgetExtension.entitlements */,
				A100000000000000000000EA /* Keep */,
				C328CD4D2FB728B300443F80 /* KeepWidget */,
				C328CD482FB728B300443F80 /* Frameworks */,
				A1000000000000000000016A /* Products */,
			);
			sourceTree = "<group>";
		};
		A100000000000000000000EA /* Keep */ = {
			isa = PBXGroup;
			children = (
				C328CD5F2FB729B900443F80 /* Keep.entitlements */,
				A1000000000000000000001A /* KeepApp.swift */,
				A1000000000000000000002A /* ContentView.swift */,
				A100000000000000000000CA /* Info.plist */,
				A10000000000000000000D1A /* PrivacyInfo.xcprivacy */,
				A100000000000000000002AA /* Assets.xcassets */,
				A10000000000000000000A5A /* Resources */,
				A100000000000000000000FA /* Core */,
				A1000000000000000000012A /* Features */,
			);
			path = Keep;
			sourceTree = "<group>";
		};
		A100000000000000000000FA /* Core */ = {
			isa = PBXGroup;
			children = (
				A1000000000000000000010A /* Models */,
				A1000000000000000000011A /* Services */,
				A100000000000000000009AA /* Theme.swift */,
				9DDB57BD1463D329736BBBC7 /* Zoomable.swift */,
			);
			path = Core;
			sourceTree = "<group>";
		};
		A1000000000000000000010A /* Models */ = {
			isa = PBXGroup;
			children = (
				A1000000000000000000003A /* Clip.swift */,
				A1000000000000000000004A /* Project.swift */,
			);
			path = Models;
			sourceTree = "<group>";
		};
		A1000000000000000000011A /* Services */ = {
			isa = PBXGroup;
			children = (
				C328CD612FB72AD700443F80 /* WidgetDataStore.swift */,
				A1000000000000000000005A /* CameraService.swift */,
				641C480235C501F716869E69 /* ClipFileRepair.swift */,
				BB5D0C3509CD70CE81012C7B /* TrashSweep.swift */,
				5E1B9D02A4C7361FB80E29D4 /* AudioLoudness.swift */,
				2D9C6F30E84B57A10C3D9182 /* ClipTone.swift */,
				1FEF1B8A70C659C2355B054E /* MemoriesStats.swift */,
				DA9F151E83C53BBFA749E340 /* LocationService.swift */,
				A1000000000000000000006A /* VideoComposer.swift */,
			);
			path = Services;
			sourceTree = "<group>";
		};
		3E8B1D50F27A649C05B8E13A /* Widget */ = {
			isa = PBXGroup;
			children = (
				6D5F03A9C842E71B905A3FD6 /* WidgetSetup.swift */,
			);
			path = Widget;
			sourceTree = "<group>";
		};
		A1000000000000000000012A /* Features */ = {
			isa = PBXGroup;
			children = (
				3E8B1D50F27A649C05B8E13A /* Widget */,
				A1000000000000000000013A /* Camera */,
				A100000000000000000005AA /* Import */,
				A100000000000000000006AA /* Compilation */,
				A1000000000000000000014A /* Clips */,
				A1000000000000000000015A /* Projects */,
				A10000000000000000000C0A /* Today */,
				A10000000000000000000C2A /* Trim */,
				A10000000000000000000C4A /* Archive */,
				A10000000000000000000F0A /* Settings */,
				A10000000000000000001000A /* Onboarding */,
				A10000000000000000001100A /* Timeline */,
				6EBF5B95E6DA9F043182A4A5 /* Places */,
			);
			path = Features;
			sourceTree = "<group>";
		};
		A10000000000000000000F0A /* Settings */ = {
			isa = PBXGroup;
			children = (
				A10000000000000000000F1A /* SettingsView.swift */,
			);
			path = Settings;
			sourceTree = "<group>";
		};
		A10000000000000000001000A /* Onboarding */ = {
			isa = PBXGroup;
			children = (
				A10000000000000000001001A /* OnboardingView.swift */,
			);
			path = Onboarding;
			sourceTree = "<group>";
		};
		A10000000000000000001100A /* Timeline */ = {
			isa = PBXGroup;
			children = (
				A10000000000000000001101A /* DiaryTimelineView.swift */,
			);
			path = Timeline;
			sourceTree = "<group>";
		};
		6EBF5B95E6DA9F043182A4A5 /* Places */ = {
			isa = PBXGroup;
			children = (
				358D483CD9078CE50FA58E00 /* PlacesData.swift */,
				AF966B9A69CB473C1905BA20 /* PlacesMapView.swift */,
				40D7D78F9F9B18231FE79E80 /* PlacesScrubberView.swift */,
				9A90E8DF4381FFE4AA6526CB /* PlaceDetailSheet.swift */,
			);
			path = Places;
			sourceTree = "<group>";
		};
		A1000000000000000000013A /* Camera */ = {
			isa = PBXGroup;
			children = (
				A1000000000000000000007A /* CameraView.swift */,
				A1000000000000000000008A /* CameraPreviewView.swift */,
			);
			path = Camera;
			sourceTree = "<group>";
		};
		A1000000000000000000014A /* Clips */ = {
			isa = PBXGroup;
			children = (
				9F1C91A588EE9E83B3832F68 /* ClipViewer.swift */,
			);
			path = Clips;
			sourceTree = "<group>";
		};
		A1000000000000000000015A /* Projects */ = {
			isa = PBXGroup;
			children = (
				A100000000000000000000AA /* ProjectListView.swift */,
				A100000000000000000000BA /* ProjectDetailView.swift */,
				A100000000000000000007AA /* ProjectPlayerView.swift */,
			);
			path = Projects;
			sourceTree = "<group>";
		};
		A1000000000000000000016A /* Products */ = {
			isa = PBXGroup;
			children = (
				A1000000000000000000000C /* Keep.app */,
				C328CD472FB728B300443F80 /* KeepWidgetExtension.appex */,
			);
			name = Products;
			sourceTree = "<group>";
		};
		A100000000000000000005AA /* Import */ = {
			isa = PBXGroup;
			children = (
				A100000000000000000003AA /* VideoTransferable.swift */,
			);
			path = Import;
			sourceTree = "<group>";
		};
		A100000000000000000006AA /* Compilation */ = {
			isa = PBXGroup;
			children = (
				A100000000000000000004AA /* CompilationOptionsView.swift */,
				A10000000000000000000B1A /* ExportProgressOverlay.swift */,
			);
			path = Compilation;
			sourceTree = "<group>";
		};
		A10000000000000000000C0A /* Today */ = {
			isa = PBXGroup;
			children = (
				A10000000000000000000C1A /* OnThisDayView.swift */,
				C41A75E68B03D29F14E7A0B3 /* YearSpiral.swift */,
			);
			path = Today;
			sourceTree = "<group>";
		};
		A10000000000000000000C2A /* Trim */ = {
			isa = PBXGroup;
			children = (
				A10000000000000000000C3A /* ClipTrimView.swift */,
			);
			path = Trim;
			sourceTree = "<group>";
		};
		A10000000000000000000C4A /* Archive */ = {
			isa = PBXGroup;
			children = (
				A10000000000000000000C5A /* ArchiveView.swift */,
				32B317E6D6DFB6B66D54B1DB /* TrashView.swift */,
			);
			path = Archive;
			sourceTree = "<group>";
		};
		A10000000000000000000A5A /* Resources */ = {
			isa = PBXGroup;
			children = (
				A10000000000000000000A6A /* Fonts */,
				3443639F7D611929A460297B /* Videos */,
				C3B3F5402FB67E7A00518F91 /* AppIcon-1024.png */,
				A10000000000000000000E1A /* Localizable.xcstrings */,
			);
			path = Resources;
			sourceTree = "<group>";
		};
		A10000000000000000000A6A /* Fonts */ = {
			isa = PBXGroup;
			children = (
				A10000000000000000000A1A /* PatrickHand-Regular.ttf */,
				A10000000000000000000A2A /* JetBrainsMono-Regular.ttf */,
				A10000000000000000000A3A /* JetBrainsMono-Medium.ttf */,
				A10000000000000000000A4A /* Caveat-Regular.ttf */,
			);
			path = Fonts;
			sourceTree = "<group>";
		};
		3443639F7D611929A460297B /* Videos */ = {
			isa = PBXGroup;
			children = (
				3214CCF6B29CE7979B96852E /* BumperIntro.mp4 */,
			);
			path = Videos;
			sourceTree = "<group>";
		};
		C328CD482FB728B300443F80 /* Frameworks */ = {
			isa = PBXGroup;
			children = (
				C328CD492FB728B300443F80 /* WidgetKit.framework */,
				C328CD4B2FB728B300443F80 /* SwiftUI.framework */,
			);
			name = Frameworks;
			sourceTree = "<group>";
		};
/* End PBXGroup section */

/* Begin PBXNativeTarget section */
		A1000000000000000000000B /* Keep */ = {
			isa = PBXNativeTarget;
			buildConfigurationList = A100000000000000000001FA /* Build configuration list for PBXNativeTarget "Keep" */;
			buildPhases = (
				A1000000000000000000017A /* Sources */,
				A1000000000000000000018A /* Frameworks */,
				A1000000000000000000019A /* Resources */,
				C328CD5A2FB728B400443F80 /* Embed Foundation Extensions */,
			);
			buildRules = (
			);
			dependencies = (
				C328CD582FB728B400443F80 /* PBXTargetDependency */,
			);
			name = Keep;
			productName = Keep;
			productReference = A1000000000000000000000C /* Keep.app */;
			productType = "com.apple.product-type.application";
		};
		C328CD462FB728B300443F80 /* KeepWidgetExtension */ = {
			isa = PBXNativeTarget;
			buildConfigurationList = C328CD5E2FB728B400443F80 /* Build configuration list for PBXNativeTarget "KeepWidgetExtension" */;
			buildPhases = (
				C328CD432FB728B300443F80 /* Sources */,
				C328CD442FB728B300443F80 /* Frameworks */,
				C328CD452FB728B300443F80 /* Resources */,
			);
			buildRules = (
			);
			dependencies = (
			);
			fileSystemSynchronizedGroups = (
				C328CD4D2FB728B300443F80 /* KeepWidget */,
			);
			name = KeepWidgetExtension;
			packageProductDependencies = (
			);
			productName = KeepWidgetExtension;
			productReference = C328CD472FB728B300443F80 /* KeepWidgetExtension.appex */;
			productType = "com.apple.product-type.app-extension";
		};
/* End PBXNativeTarget section */

/* Begin PBXProject section */
		A1000000000000000000000A /* Project object */ = {
			isa = PBXProject;
			attributes = {
				BuildIndependentTargetsInParallel = 1;
				LastSwiftUpdateCheck = 2650;
				LastUpgradeCheck = 1500;
				TargetAttributes = {
					A1000000000000000000000B = {
						CreatedOnToolsVersion = 15.0;
					};
					C328CD462FB728B300443F80 = {
						CreatedOnToolsVersion = 26.5;
					};
				};
			};
			buildConfigurationList = A100000000000000000001EA /* Build configuration list for PBXProject "Keep" */;
			compatibilityVersion = "Xcode 14.0";
			developmentRegion = en;
			hasScannedForEncodings = 0;
			knownRegions = (
				en,
				de,
				Base,
			);
			mainGroup = A100000000000000000000DA;
			productRefGroup = A1000000000000000000016A /* Products */;
			projectDirPath = "";
			projectRoot = "";
			targets = (
				A1000000000000000000000B /* Keep */,
				C328CD462FB728B300443F80 /* KeepWidgetExtension */,
			);
		};
/* End PBXProject section */

/* Begin PBXResourcesBuildPhase section */
		A1000000000000000000019A /* Resources */ = {
			isa = PBXResourcesBuildPhase;
			buildActionMask = 2147483647;
			files = (
				A100000000000000000002AB /* Assets.xcassets in Resources */,
				A10000000000000000000A1B /* PatrickHand-Regular.ttf in Resources */,
				A10000000000000000000A2B /* JetBrainsMono-Regular.ttf in Resources */,
				C3B3F5412FB67E7A00518F91 /* AppIcon-1024.png in Resources */,
				A10000000000000000000A3B /* JetBrainsMono-Medium.ttf in Resources */,
				A10000000000000000000A4B /* Caveat-Regular.ttf in Resources */,
				BDBD12C1BCD68B19DDA9F81F /* BumperIntro.mp4 in Resources */,
				A10000000000000000000D1B /* PrivacyInfo.xcprivacy in Resources */,
				A10000000000000000000E1B /* Localizable.xcstrings in Resources */,
			);
			runOnlyForDeploymentPostprocessing = 0;
		};
		C328CD452FB728B300443F80 /* Resources */ = {
			isa = PBXResourcesBuildPhase;
			buildActionMask = 2147483647;
			files = (
			);
			runOnlyForDeploymentPostprocessing = 0;
		};
/* End PBXResourcesBuildPhase section */

/* Begin PBXSourcesBuildPhase section */
		A1000000000000000000017A /* Sources */ = {
			isa = PBXSourcesBuildPhase;
			buildActionMask = 2147483647;
			files = (
				A1000000000000000000001B /* KeepApp.swift in Sources */,
				A1000000000000000000002B /* ContentView.swift in Sources */,
				A1000000000000000000003B /* Clip.swift in Sources */,
				A1000000000000000000004B /* Project.swift in Sources */,
				A1000000000000000000005B /* CameraService.swift in Sources */,
				A1000000000000000000006B /* VideoComposer.swift in Sources */,
				A1000000000000000000007B /* CameraView.swift in Sources */,
				C328CD622FB72AD700443F80 /* WidgetDataStore.swift in Sources */,
				6F64E3A7CA3B974E470EA53A /* ClipFileRepair.swift in Sources */,
				8DDD0E0E5B6B36CE01C06E0D /* TrashSweep.swift in Sources */,
				3C7A1E4D90B2F5610AD3E88C /* AudioLoudness.swift in Sources */,
				9A4C7E1B60D3F582A17C0B4E /* WidgetSetup.swift in Sources */,
				A63F80D2519E4C7B02A1FD65 /* YearSpiral.swift in Sources */,
				7B4E2A91C05D183FA6721E4B /* ClipTone.swift in Sources */,
				AE435650A6DD218729E32302 /* MemoriesStats.swift in Sources */,
				E099F9B396BEACE6D2995BD5 /* TrashView.swift in Sources */,
				A1000000000000000000008B /* CameraPreviewView.swift in Sources */,
				A100000000000000000000AB /* ProjectListView.swift in Sources */,
				A100000000000000000000BB /* ProjectDetailView.swift in Sources */,
				A100000000000000000003AB /* VideoTransferable.swift in Sources */,
				A100000000000000000004AB /* CompilationOptionsView.swift in Sources */,
				A10000000000000000000B1B /* ExportProgressOverlay.swift in Sources */,
				A100000000000000000007AB /* ProjectPlayerView.swift in Sources */,
				A100000000000000000009AB /* Theme.swift in Sources */,
				C9D93A1A05D3BC3A3CF84A28 /* Zoomable.swift in Sources */,
				A10000000000000000000C1B /* OnThisDayView.swift in Sources */,
				A10000000000000000000C3B /* ClipTrimView.swift in Sources */,
				A10000000000000000000C5B /* ArchiveView.swift in Sources */,
				A10000000000000000000F1B /* SettingsView.swift in Sources */,
				A10000000000000000001001B /* OnboardingView.swift in Sources */,
				A10000000000000000001101B /* DiaryTimelineView.swift in Sources */,
				A407405FED9C35D616ACFF85 /* LocationService.swift in Sources */,
				855D8D4958D1BC1DE4460B24 /* PlacesData.swift in Sources */,
				E07254987DE2B3065FE091BF /* PlacesMapView.swift in Sources */,
				8884B4F67DEE3500CEE77622 /* PlacesScrubberView.swift in Sources */,
				AFB2CB2406C296FD556FC669 /* ClipViewer.swift in Sources */,
				D70497924E6708296CAD3865 /* PlaceDetailSheet.swift in Sources */,
			);
			runOnlyForDeploymentPostprocessing = 0;
		};
		C328CD432FB728B300443F80 /* Sources */ = {
			isa = PBXSourcesBuildPhase;
			buildActionMask = 2147483647;
			files = (
			);
			runOnlyForDeploymentPostprocessing = 0;
		};
/* End PBXSourcesBuildPhase section */

/* Begin PBXTargetDependency section */
		C328CD582FB728B400443F80 /* PBXTargetDependency */ = {
			isa = PBXTargetDependency;
			target = C328CD462FB728B300443F80 /* KeepWidgetExtension */;
			targetProxy = C328CD572FB728B400443F80 /* PBXContainerItemProxy */;
		};
/* End PBXTargetDependency section */

/* Begin XCBuildConfiguration section */
		A100000000000000000001AA /* Debug */ = {
			isa = XCBuildConfiguration;
			buildSettings = {
				ALWAYS_SEARCH_USER_PATHS = NO;
				CLANG_ANALYZER_NONNULL = YES;
				CLANG_ANALYZER_NUMBER_OBJECT_CONVERSION = YES_AGGRESSIVE;
				CLANG_CXX_LANGUAGE_STANDARD = "gnu++20";
				CLANG_ENABLE_MODULES = YES;
				CLANG_ENABLE_OBJC_ARC = YES;
				CLANG_ENABLE_OBJC_WEAK = YES;
				CLANG_WARN_BLOCK_CAPTURE_AUTORELEASING = YES;
				CLANG_WARN_BOOL_CONVERSION = YES;
				CLANG_WARN_COMMA = YES;
				CLANG_WARN_CONSTANT_CONVERSION = YES;
				CLANG_WARN_DEPRECATED_OBJC_IMPLEMENTATIONS = YES;
				CLANG_WARN_DIRECT_OBJC_ISA_USAGE = YES_ERROR;
				CLANG_WARN_DOCUMENTATION_COMMENTS = YES;
				CLANG_WARN_EMPTY_BODY = YES;
				CLANG_WARN_ENUM_CONVERSION = YES;
				CLANG_WARN_INFINITE_RECURSION = YES;
				CLANG_WARN_INT_CONVERSION = YES;
				CLANG_WARN_NON_LITERAL_NULL_CONVERSION = YES;
				CLANG_WARN_OBJC_IMPLICIT_RETAIN_CYCLES = YES;
				CLANG_WARN_OBJC_LITERAL_CONVERSION = YES;
				CLANG_WARN_OBJC_ROOT_CLASS = YES_ERROR;
				CLANG_WARN_QUOTED_INCLUDE_IN_FRAMEWORK_HEADER = YES;
				CLANG_WARN_RANGE_LOOP_ANALYSIS = YES;
				CLANG_WARN_STRICT_PROTOTYPES = YES;
				CLANG_WARN_SUSPICIOUS_MOVE = YES;
				CLANG_WARN_UNGUARDED_AVAILABILITY = YES_AGGRESSIVE;
				CLANG_WARN_UNREACHABLE_CODE = YES;
				CLANG_WARN__DUPLICATE_METHOD_MATCH = YES;
				COPY_PHASE_STRIP = NO;
				DEBUG_INFORMATION_FORMAT = dwarf;
				ENABLE_STRICT_OBJC_MSGSEND = YES;
				ENABLE_TESTABILITY = YES;
				ENABLE_USER_SCRIPT_SANDBOXING = YES;
				GCC_C_LANGUAGE_STANDARD = gnu17;
				GCC_DYNAMIC_NO_PIC = NO;
				GCC_NO_COMMON_BLOCKS = YES;
				GCC_OPTIMIZATION_LEVEL = 0;
				GCC_PREPROCESSOR_DEFINITIONS = (
					"DEBUG=1",
					"$(inherited)",
				);
				GCC_WARN_64_TO_32_BIT_CONVERSION = YES;
				GCC_WARN_ABOUT_RETURN_TYPE = YES_ERROR;
				GCC_WARN_UNDECLARED_SELECTOR = YES;
				GCC_WARN_UNINITIALIZED_AUTOS = YES_AGGRESSIVE;
				GCC_WARN_UNUSED_FUNCTION = YES;
				GCC_WARN_UNUSED_VARIABLE = YES;
				IPHONEOS_DEPLOYMENT_TARGET = 18.0;
				MTL_ENABLE_DEBUG_INFO = INCLUDE_SOURCE;
				MTL_FAST_MATH = YES;
				ONLY_ACTIVE_ARCH = YES;
				SDKROOT = iphoneos;
				SWIFT_ACTIVE_COMPILATION_CONDITIONS = "DEBUG $(inherited)";
				SWIFT_OPTIMIZATION_LEVEL = "-Onone";
			};
			name = Debug;
		};
		A100000000000000000001BA /* Release */ = {
			isa = XCBuildConfiguration;
			buildSettings = {
				ALWAYS_SEARCH_USER_PATHS = NO;
				CLANG_ANALYZER_NONNULL = YES;
				CLANG_ANALYZER_NUMBER_OBJECT_CONVERSION = YES_AGGRESSIVE;
				CLANG_CXX_LANGUAGE_STANDARD = "gnu++20";
				CLANG_ENABLE_MODULES = YES;
				CLANG_ENABLE_OBJC_ARC = YES;
				CLANG_ENABLE_OBJC_WEAK = YES;
				CLANG_WARN_BLOCK_CAPTURE_AUTORELEASING = YES;
				CLANG_WARN_BOOL_CONVERSION = YES;
				CLANG_WARN_COMMA = YES;
				CLANG_WARN_CONSTANT_CONVERSION = YES;
				CLANG_WARN_DEPRECATED_OBJC_IMPLEMENTATIONS = YES;
				CLANG_WARN_DIRECT_OBJC_ISA_USAGE = YES_ERROR;
				CLANG_WARN_DOCUMENTATION_COMMENTS = YES;
				CLANG_WARN_EMPTY_BODY = YES;
				CLANG_WARN_ENUM_CONVERSION = YES;
				CLANG_WARN_INFINITE_RECURSION = YES;
				CLANG_WARN_INT_CONVERSION = YES;
				CLANG_WARN_NON_LITERAL_NULL_CONVERSION = YES;
				CLANG_WARN_OBJC_IMPLICIT_RETAIN_CYCLES = YES;
				CLANG_WARN_OBJC_LITERAL_CONVERSION = YES;
				CLANG_WARN_OBJC_ROOT_CLASS = YES_ERROR;
				CLANG_WARN_QUOTED_INCLUDE_IN_FRAMEWORK_HEADER = YES;
				CLANG_WARN_RANGE_LOOP_ANALYSIS = YES;
				CLANG_WARN_STRICT_PROTOTYPES = YES;
				CLANG_WARN_SUSPICIOUS_MOVE = YES;
				CLANG_WARN_UNGUARDED_AVAILABILITY = YES_AGGRESSIVE;
				CLANG_WARN_UNREACHABLE_CODE = YES;
				CLANG_WARN__DUPLICATE_METHOD_MATCH = YES;
				COPY_PHASE_STRIP = NO;
				DEBUG_INFORMATION_FORMAT = "dwarf-with-dsym";
				ENABLE_NS_ASSERTIONS = NO;
				ENABLE_STRICT_OBJC_MSGSEND = YES;
				ENABLE_USER_SCRIPT_SANDBOXING = YES;
				GCC_C_LANGUAGE_STANDARD = gnu17;
				GCC_NO_COMMON_BLOCKS = YES;
				GCC_WARN_64_TO_32_BIT_CONVERSION = YES;
				GCC_WARN_ABOUT_RETURN_TYPE = YES_ERROR;
				GCC_WARN_UNDECLARED_SELECTOR = YES;
				GCC_WARN_UNINITIALIZED_AUTOS = YES_AGGRESSIVE;
				GCC_WARN_UNUSED_FUNCTION = YES;
				GCC_WARN_UNUSED_VARIABLE = YES;
				IPHONEOS_DEPLOYMENT_TARGET = 18.0;
				MTL_FAST_MATH = YES;
				SDKROOT = iphoneos;
				SWIFT_COMPILATION_MODE = wholemodule;
				VALIDATE_PRODUCT = YES;
			};
			name = Release;
		};
		A100000000000000000001CA /* Debug */ = {
			isa = XCBuildConfiguration;
			buildSettings = {
				ASSETCATALOG_COMPILER_APPICON_NAME = AppIcon;
				ASSETCATALOG_COMPILER_GLOBAL_ACCENT_COLOR_NAME = AccentColor;
				ASSETCATALOG_COMPILER_INCLUDE_ALL_APPICON_ASSETS = NO;
				CODE_SIGN_ENTITLEMENTS = Keep/Keep.entitlements;
				CODE_SIGN_STYLE = Automatic;
				CURRENT_PROJECT_VERSION = 1;
				DEVELOPMENT_TEAM = 3832YDF43A;
				ENABLE_PREVIEWS = YES;
				GENERATE_INFOPLIST_FILE = NO;
				INFOPLIST_FILE = Keep/Info.plist;
				INFOPLIST_KEY_LSApplicationCategoryType = "public.app-category.lifestyle";
				IPHONEOS_DEPLOYMENT_TARGET = 18.0;
				LD_RUNPATH_SEARCH_PATHS = (
					"$(inherited)",
					"@executable_path/Frameworks",
				);
				MARKETING_VERSION = 1.0;
				PRODUCT_BUNDLE_IDENTIFIER = com.kipry.keep.app;
				PRODUCT_NAME = "$(TARGET_NAME)";
				SDKROOT = iphoneos;
				SUPPORTED_PLATFORMS = iphoneos;
				SUPPORTS_MACCATALYST = NO;
				SWIFT_EMIT_LOC_STRINGS = YES;
				SWIFT_VERSION = 5.0;
				TARGETED_DEVICE_FAMILY = 1;
			};
			name = Debug;
		};
		A100000000000000000001DA /* Release */ = {
			isa = XCBuildConfiguration;
			buildSettings = {
				ASSETCATALOG_COMPILER_APPICON_NAME = AppIcon;
				ASSETCATALOG_COMPILER_GLOBAL_ACCENT_COLOR_NAME = AccentColor;
				ASSETCATALOG_COMPILER_INCLUDE_ALL_APPICON_ASSETS = NO;
				CODE_SIGN_ENTITLEMENTS = Keep/Keep.entitlements;
				CODE_SIGN_STYLE = Automatic;
				CURRENT_PROJECT_VERSION = 1;
				DEVELOPMENT_TEAM = 3832YDF43A;
				ENABLE_PREVIEWS = YES;
				GENERATE_INFOPLIST_FILE = NO;
				INFOPLIST_FILE = Keep/Info.plist;
				INFOPLIST_KEY_LSApplicationCategoryType = "public.app-category.lifestyle";
				IPHONEOS_DEPLOYMENT_TARGET = 18.0;
				LD_RUNPATH_SEARCH_PATHS = (
					"$(inherited)",
					"@executable_path/Frameworks",
				);
				MARKETING_VERSION = 1.0;
				PRODUCT_BUNDLE_IDENTIFIER = com.kipry.keep.app;
				PRODUCT_NAME = "$(TARGET_NAME)";
				SDKROOT = iphoneos;
				SUPPORTED_PLATFORMS = iphoneos;
				SUPPORTS_MACCATALYST = NO;
				SWIFT_EMIT_LOC_STRINGS = YES;
				SWIFT_VERSION = 5.0;
				TARGETED_DEVICE_FAMILY = 1;
			};
			name = Release;
		};
		C328CD5B2FB728B400443F80 /* Debug */ = {
			isa = XCBuildConfiguration;
			buildSettings = {
				ASSETCATALOG_COMPILER_GENERATE_SWIFT_ASSET_SYMBOL_EXTENSIONS = YES;
				ASSETCATALOG_COMPILER_GLOBAL_ACCENT_COLOR_NAME = AccentColor;
				ASSETCATALOG_COMPILER_WIDGET_BACKGROUND_COLOR_NAME = WidgetBackground;
				CLANG_WARN_OBJC_IMPLICIT_RETAIN_SELF = YES;
				CODE_SIGN_ENTITLEMENTS = KeepWidgetExtension.entitlements;
				CODE_SIGN_STYLE = Automatic;
				CURRENT_PROJECT_VERSION = 1;
				DEVELOPMENT_TEAM = 3832YDF43A;
				GENERATE_INFOPLIST_FILE = YES;
				INFOPLIST_FILE = KeepWidget/Info.plist;
				INFOPLIST_KEY_CFBundleDisplayName = "keep. Widget";
				INFOPLIST_KEY_NSHumanReadableCopyright = "";
				IPHONEOS_DEPLOYMENT_TARGET = 18.0;
				LD_RUNPATH_SEARCH_PATHS = (
					"$(inherited)",
					"@executable_path/Frameworks",
					"@executable_path/../../Frameworks",
				);
				LOCALIZATION_PREFERS_STRING_CATALOGS = YES;
				MARKETING_VERSION = 1.0;
				PRODUCT_BUNDLE_IDENTIFIER = com.kipry.keep.app.widget;
				PRODUCT_NAME = "$(TARGET_NAME)";
				SKIP_INSTALL = YES;
				STRING_CATALOG_GENERATE_SYMBOLS = YES;
				SWIFT_APPROACHABLE_CONCURRENCY = YES;
				SWIFT_EMIT_LOC_STRINGS = YES;
				SWIFT_UPCOMING_FEATURE_MEMBER_IMPORT_VISIBILITY = YES;
				SWIFT_VERSION = 5.0;
				TARGETED_DEVICE_FAMILY = "1";
			};
			name = Debug;
		};
		C328CD5C2FB728B400443F80 /* Release */ = {
			isa = XCBuildConfiguration;
			buildSettings = {
				ASSETCATALOG_COMPILER_GENERATE_SWIFT_ASSET_SYMBOL_EXTENSIONS = YES;
				ASSETCATALOG_COMPILER_GLOBAL_ACCENT_COLOR_NAME = AccentColor;
				ASSETCATALOG_COMPILER_WIDGET_BACKGROUND_COLOR_NAME = WidgetBackground;
				CLANG_WARN_OBJC_IMPLICIT_RETAIN_SELF = YES;
				CODE_SIGN_ENTITLEMENTS = KeepWidgetExtension.entitlements;
				CODE_SIGN_STYLE = Automatic;
				CURRENT_PROJECT_VERSION = 1;
				DEVELOPMENT_TEAM = 3832YDF43A;
				GENERATE_INFOPLIST_FILE = YES;
				INFOPLIST_FILE = KeepWidget/Info.plist;
				INFOPLIST_KEY_CFBundleDisplayName = "keep. Widget";
				INFOPLIST_KEY_NSHumanReadableCopyright = "";
				IPHONEOS_DEPLOYMENT_TARGET = 18.0;
				LD_RUNPATH_SEARCH_PATHS = (
					"$(inherited)",
					"@executable_path/Frameworks",
					"@executable_path/../../Frameworks",
				);
				LOCALIZATION_PREFERS_STRING_CATALOGS = YES;
				MARKETING_VERSION = 1.0;
				MTL_ENABLE_DEBUG_INFO = NO;
				PRODUCT_BUNDLE_IDENTIFIER = com.kipry.keep.app.widget;
				PRODUCT_NAME = "$(TARGET_NAME)";
				SKIP_INSTALL = YES;
				STRING_CATALOG_GENERATE_SYMBOLS = YES;
				SWIFT_APPROACHABLE_CONCURRENCY = YES;
				SWIFT_EMIT_LOC_STRINGS = YES;
				SWIFT_UPCOMING_FEATURE_MEMBER_IMPORT_VISIBILITY = YES;
				SWIFT_VERSION = 5.0;
				TARGETED_DEVICE_FAMILY = "1";
			};
			name = Release;
		};
/* End XCBuildConfiguration section */

/* Begin XCConfigurationList section */
		A100000000000000000001EA /* Build configuration list for PBXProject "Keep" */ = {
			isa = XCConfigurationList;
			buildConfigurations = (
				A100000000000000000001AA /* Debug */,
				A100000000000000000001BA /* Release */,
			);
			defaultConfigurationIsVisible = 0;
			defaultConfigurationName = Release;
		};
		A100000000000000000001FA /* Build configuration list for PBXNativeTarget "Keep" */ = {
			isa = XCConfigurationList;
			buildConfigurations = (
				A100000000000000000001CA /* Debug */,
				A100000000000000000001DA /* Release */,
			);
			defaultConfigurationIsVisible = 0;
			defaultConfigurationName = Release;
		};
		C328CD5E2FB728B400443F80 /* Build configuration list for PBXNativeTarget "KeepWidgetExtension" */ = {
			isa = XCConfigurationList;
			buildConfigurations = (
				C328CD5B2FB728B400443F80 /* Debug */,
				C328CD5C2FB728B400443F80 /* Release */,
			);
			defaultConfigurationIsVisible = 0;
			defaultConfigurationName = Release;
		};
/* End XCConfigurationList section */
	};
	rootObject = A1000000000000000000000A /* Project object */;
}
