// !$*UTF8*$!
{
	archiveVersion = 1;
	classes = {
	};
	objectVersion = 56;
	objects = {

/* Begin PBXBuildFile section */
		A1000000000000000000001B /* LifeClipApp.swift in Sources */ = {isa = PBXBuildFile; fileRef = A1000000000000000000001A /* LifeClipApp.swift */; };
		A1000000000000000000002B /* ContentView.swift in Sources */ = {isa = PBXBuildFile; fileRef = A1000000000000000000002A /* ContentView.swift */; };
		A1000000000000000000003B /* Clip.swift in Sources */ = {isa = PBXBuildFile; fileRef = A1000000000000000000003A /* Clip.swift */; };
		A1000000000000000000004B /* Project.swift in Sources */ = {isa = PBXBuildFile; fileRef = A1000000000000000000004A /* Project.swift */; };
		A1000000000000000000005B /* CameraService.swift in Sources */ = {isa = PBXBuildFile; fileRef = A1000000000000000000005A /* CameraService.swift */; };
		A1000000000000000000006B /* VideoComposer.swift in Sources */ = {isa = PBXBuildFile; fileRef = A1000000000000000000006A /* VideoComposer.swift */; };
		A1000000000000000000007B /* CameraView.swift in Sources */ = {isa = PBXBuildFile; fileRef = A1000000000000000000007A /* CameraView.swift */; };
		A1000000000000000000008B /* CameraPreviewView.swift in Sources */ = {isa = PBXBuildFile; fileRef = A1000000000000000000008A /* CameraPreviewView.swift */; };
		A1000000000000000000009B /* ClipCell.swift in Sources */ = {isa = PBXBuildFile; fileRef = A1000000000000000000009A /* ClipCell.swift */; };
		A100000000000000000000AB /* ProjectListView.swift in Sources */ = {isa = PBXBuildFile; fileRef = A100000000000000000000AA /* ProjectListView.swift */; };
		A100000000000000000000BB /* ProjectDetailView.swift in Sources */ = {isa = PBXBuildFile; fileRef = A100000000000000000000BA /* ProjectDetailView.swift */; };
		A100000000000000000002AB /* Assets.xcassets in Resources */ = {isa = PBXBuildFile; fileRef = A100000000000000000002AA /* Assets.xcassets */; };
		A100000000000000000003AB /* VideoTransferable.swift in Sources */ = {isa = PBXBuildFile; fileRef = A100000000000000000003AA /* VideoTransferable.swift */; };
		A100000000000000000004AB /* CompilationOptionsView.swift in Sources */ = {isa = PBXBuildFile; fileRef = A100000000000000000004AA /* CompilationOptionsView.swift */; };
		A100000000000000000007AB /* ProjectPlayerView.swift in Sources */ = {isa = PBXBuildFile; fileRef = A100000000000000000007AA /* ProjectPlayerView.swift */; };
		A100000000000000000009AB /* Theme.swift in Sources */ = {isa = PBXBuildFile; fileRef = A100000000000000000009AA /* Theme.swift */; };
		A10000000000000000000A1B /* PatrickHand-Regular.ttf in Resources */ = {isa = PBXBuildFile; fileRef = A10000000000000000000A1A /* PatrickHand-Regular.ttf */; };
		A10000000000000000000A2B /* JetBrainsMono-Regular.ttf in Resources */ = {isa = PBXBuildFile; fileRef = A10000000000000000000A2A /* JetBrainsMono-Regular.ttf */; };
		A10000000000000000000A3B /* JetBrainsMono-Medium.ttf in Resources */ = {isa = PBXBuildFile; fileRef = A10000000000000000000A3A /* JetBrainsMono-Medium.ttf */; };
		A10000000000000000000A4B /* Caveat-Regular.ttf in Resources */ = {isa = PBXBuildFile; fileRef = A10000000000000000000A4A /* Caveat-Regular.ttf */; };
/* End PBXBuildFile section */

/* Begin PBXFileReference section */
		A1000000000000000000001A /* LifeClipApp.swift */ = {isa = PBXFileReference; lastKnownFileType = sourcecode.swift; path = LifeClipApp.swift; sourceTree = "<group>"; };
		A1000000000000000000002A /* ContentView.swift */ = {isa = PBXFileReference; lastKnownFileType = sourcecode.swift; path = ContentView.swift; sourceTree = "<group>"; };
		A1000000000000000000003A /* Clip.swift */ = {isa = PBXFileReference; lastKnownFileType = sourcecode.swift; path = Clip.swift; sourceTree = "<group>"; };
		A1000000000000000000004A /* Project.swift */ = {isa = PBXFileReference; lastKnownFileType = sourcecode.swift; path = Project.swift; sourceTree = "<group>"; };
		A1000000000000000000005A /* CameraService.swift */ = {isa = PBXFileReference; lastKnownFileType = sourcecode.swift; path = CameraService.swift; sourceTree = "<group>"; };
		A1000000000000000000006A /* VideoComposer.swift */ = {isa = PBXFileReference; lastKnownFileType = sourcecode.swift; path = VideoComposer.swift; sourceTree = "<group>"; };
		A1000000000000000000007A /* CameraView.swift */ = {isa = PBXFileReference; lastKnownFileType = sourcecode.swift; path = CameraView.swift; sourceTree = "<group>"; };
		A1000000000000000000008A /* CameraPreviewView.swift */ = {isa = PBXFileReference; lastKnownFileType = sourcecode.swift; path = CameraPreviewView.swift; sourceTree = "<group>"; };
		A1000000000000000000009A /* ClipCell.swift */ = {isa = PBXFileReference; lastKnownFileType = sourcecode.swift; path = ClipCell.swift; sourceTree = "<group>"; };
		A100000000000000000000AA /* ProjectListView.swift */ = {isa = PBXFileReference; lastKnownFileType = sourcecode.swift; path = ProjectListView.swift; sourceTree = "<group>"; };
		A100000000000000000000BA /* ProjectDetailView.swift */ = {isa = PBXFileReference; lastKnownFileType = sourcecode.swift; path = ProjectDetailView.swift; sourceTree = "<group>"; };
		A100000000000000000000CA /* Info.plist */ = {isa = PBXFileReference; lastKnownFileType = text.plist.xml; path = Info.plist; sourceTree = "<group>"; };
		A100000000000000000002AA /* Assets.xcassets */ = {isa = PBXFileReference; lastKnownFileType = folder.assetcatalog; path = Assets.xcassets; sourceTree = "<group>"; };
		A100000000000000000003AA /* VideoTransferable.swift */ = {isa = PBXFileReference; lastKnownFileType = sourcecode.swift; path = VideoTransferable.swift; sourceTree = "<group>"; };
		A100000000000000000004AA /* CompilationOptionsView.swift */ = {isa = PBXFileReference; lastKnownFileType = sourcecode.swift; path = CompilationOptionsView.swift; sourceTree = "<group>"; };
		A100000000000000000007AA /* ProjectPlayerView.swift */ = {isa = PBXFileReference; lastKnownFileType = sourcecode.swift; path = ProjectPlayerView.swift; sourceTree = "<group>"; };
		A100000000000000000009AA /* Theme.swift */ = {isa = PBXFileReference; lastKnownFileType = sourcecode.swift; path = Theme.swift; sourceTree = "<group>"; };
		A10000000000000000000A1A /* PatrickHand-Regular.ttf */ = {isa = PBXFileReference; lastKnownFileType = file; path = "PatrickHand-Regular.ttf"; sourceTree = "<group>"; };
		A10000000000000000000A2A /* JetBrainsMono-Regular.ttf */ = {isa = PBXFileReference; lastKnownFileType = file; path = "JetBrainsMono-Regular.ttf"; sourceTree = "<group>"; };
		A10000000000000000000A3A /* JetBrainsMono-Medium.ttf */ = {isa = PBXFileReference; lastKnownFileType = file; path = "JetBrainsMono-Medium.ttf"; sourceTree = "<group>"; };
		A10000000000000000000A4A /* Caveat-Regular.ttf */ = {isa = PBXFileReference; lastKnownFileType = file; path = "Caveat-Regular.ttf"; sourceTree = "<group>"; };
		A1000000000000000000000C /* LifeClip.app */ = {isa = PBXFileReference; explicitFileType = wrapper.application; includeInIndex = 0; path = LifeClip.app; sourceTree = BUILT_PRODUCTS_DIR; };
/* End PBXFileReference section */

/* Begin PBXFrameworksBuildPhase section */
		A1000000000000000000018A /* Frameworks */ = {
			isa = PBXFrameworksBuildPhase;
			buildActionMask = 2147483647;
			files = (
			);
			runOnlyForDeploymentPostprocessing = 0;
		};
/* End PBXFrameworksBuildPhase section */

/* Begin PBXGroup section */
		A100000000000000000000DA /* MainGroup */ = {
			isa = PBXGroup;
			children = (
				A100000000000000000000EA /* LifeClip */,
				A1000000000000000000016A /* Products */,
			);
			sourceTree = "<group>";
		};
		A1000000000000000000016A /* Products */ = {
			isa = PBXGroup;
			children = (
				A1000000000000000000000C /* LifeClip.app */,
			);
			name = Products;
			sourceTree = "<group>";
		};
		A100000000000000000000EA /* LifeClip */ = {
			isa = PBXGroup;
			children = (
				A1000000000000000000001A /* LifeClipApp.swift */,
				A1000000000000000000002A /* ContentView.swift */,
				A100000000000000000000CA /* Info.plist */,
				A100000000000000000002AA /* Assets.xcassets */,
				A10000000000000000000A5A /* Resources */,
				A100000000000000000000FA /* Core */,
				A1000000000000000000012A /* Features */,
			);
			path = LifeClip;
			sourceTree = "<group>";
		};
		A10000000000000000000A5A /* Resources */ = {
			isa = PBXGroup;
			children = (
				A10000000000000000000A6A /* Fonts */,
			);
			path = Resources;
			sourceTree = "<group>";
		};
		A10000000000000000000A6A /* Fonts */ = {
			isa = PBXGroup;
			children = (
				A10000000000000000000A1A /* PatrickHand-Regular.ttf */,
				A10000000000000000000A2A /* JetBrainsMono-Regular.ttf */,
				A10000000000000000000A3A /* JetBrainsMono-Medium.ttf */,
				A10000000000000000000A4A /* Caveat-Regular.ttf */,
			);
			path = Fonts;
			sourceTree = "<group>";
		};
		A100000000000000000000FA /* Core */ = {
			isa = PBXGroup;
			children = (
				A1000000000000000000010A /* Models */,
				A1000000000000000000011A /* Services */,
				A100000000000000000009AA /* Theme.swift */,
			);
			path = Core;
			sourceTree = "<group>";
		};
		A1000000000000000000010A /* Models */ = {
			isa = PBXGroup;
			children = (
				A1000000000000000000003A /* Clip.swift */,
				A1000000000000000000004A /* Project.swift */,
			);
			path = Models;
			sourceTree = "<group>";
		};
		A1000000000000000000011A /* Services */ = {
			isa = PBXGroup;
			children = (
				A1000000000000000000005A /* CameraService.swift */,
				A1000000000000000000006A /* VideoComposer.swift */,
			);
			path = Services;
			sourceTree = "<group>";
		};
		A1000000000000000000012A /* Features */ = {
			isa = PBXGroup;
			children = (
				A1000000000000000000013A /* Camera */,
				A100000000000000000005AA /* Import */,
				A100000000000000000006AA /* Compilation */,
				A1000000000000000000014A /* Clips */,
				A1000000000000000000015A /* Projects */,
			);
			path = Features;
			sourceTree = "<group>";
		};
		A1000000000000000000013A /* Camera */ = {
			isa = PBXGroup;
			children = (
				A1000000000000000000007A /* CameraView.swift */,
				A1000000000000000000008A /* CameraPreviewView.swift */,
			);
			path = Camera;
			sourceTree = "<group>";
		};
		A100000000000000000005AA /* Import */ = {
			isa = PBXGroup;
			children = (
				A100000000000000000003AA /* VideoTransferable.swift */,
			);
			path = Import;
			sourceTree = "<group>";
		};
		A100000000000000000006AA /* Compilation */ = {
			isa = PBXGroup;
			children = (
				A100000000000000000004AA /* CompilationOptionsView.swift */,
			);
			path = Compilation;
			sourceTree = "<group>";
		};
		A1000000000000000000014A /* Clips */ = {
			isa = PBXGroup;
			children = (
				A1000000000000000000009A /* ClipCell.swift */,
			);
			path = Clips;
			sourceTree = "<group>";
		};
		A1000000000000000000015A /* Projects */ = {
			isa = PBXGroup;
			children = (
				A100000000000000000000AA /* ProjectListView.swift */,
				A100000000000000000000BA /* ProjectDetailView.swift */,
				A100000000000000000007AA /* ProjectPlayerView.swift */,
			);
			path = Projects;
			sourceTree = "<group>";
		};
/* End PBXGroup section */

/* Begin PBXNativeTarget section */
		A1000000000000000000000B /* LifeClip */ = {
			isa = PBXNativeTarget;
			buildConfigurationList = A100000000000000000001FA /* Build configuration list for PBXNativeTarget "LifeClip" */;
			buildPhases = (
				A1000000000000000000017A /* Sources */,
				A1000000000000000000018A /* Frameworks */,
				A1000000000000000000019A /* Resources */,
			);
			buildRules = (
			);
			dependencies = (
			);
			name = LifeClip;
			productName = LifeClip;
			productReference = A1000000000000000000000C /* LifeClip.app */;
			productType = "com.apple.product-type.application";
		};
/* End PBXNativeTarget section */

/* Begin PBXProject section */
		A1000000000000000000000A /* Project object */ = {
			isa = PBXProject;
			attributes = {
				BuildIndependentTargetsInParallel = 1;
				LastSwiftUpdateCheck = 1500;
				LastUpgradeCheck = 1500;
				TargetAttributes = {
					A1000000000000000000000B = {
						CreatedOnToolsVersion = 15.0;
					};
				};
			};
			buildConfigurationList = A100000000000000000001EA /* Build configuration list for PBXProject "LifeClip" */;
			compatibilityVersion = "Xcode 14.0";
			developmentRegion = en;
			hasScannedForEncodings = 0;
			knownRegions = (
				en,
				Base,
			);
			mainGroup = A100000000000000000000DA;
			productRefGroup = A1000000000000000000016A /* Products */;
			projectDirPath = "";
			projectRoot = "";
			targets = (
				A1000000000000000000000B /* LifeClip */,
			);
		};
/* End PBXProject section */

/* Begin PBXResourcesBuildPhase section */
		A1000000000000000000019A /* Resources */ = {
			isa = PBXResourcesBuildPhase;
			buildActionMask = 2147483647;
			files = (
				A100000000000000000002AB /* Assets.xcassets in Resources */,
				A10000000000000000000A1B /* PatrickHand-Regular.ttf in Resources */,
				A10000000000000000000A2B /* JetBrainsMono-Regular.ttf in Resources */,
				A10000000000000000000A3B /* JetBrainsMono-Medium.ttf in Resources */,
				A10000000000000000000A4B /* Caveat-Regular.ttf in Resources */,
			);
			runOnlyForDeploymentPostprocessing = 0;
		};
/* End PBXResourcesBuildPhase section */

/* Begin PBXSourcesBuildPhase section */
		A1000000000000000000017A /* Sources */ = {
			isa = PBXSourcesBuildPhase;
			buildActionMask = 2147483647;
			files = (
				A1000000000000000000001B /* LifeClipApp.swift in Sources */,
				A1000000000000000000002B /* ContentView.swift in Sources */,
				A1000000000000000000003B /* Clip.swift in Sources */,
				A1000000000000000000004B /* Project.swift in Sources */,
				A1000000000000000000005B /* CameraService.swift in Sources */,
				A1000000000000000000006B /* VideoComposer.swift in Sources */,
				A1000000000000000000007B /* CameraView.swift in Sources */,
				A1000000000000000000008B /* CameraPreviewView.swift in Sources */,
				A1000000000000000000009B /* ClipCell.swift in Sources */,
				A100000000000000000000AB /* ProjectListView.swift in Sources */,
				A100000000000000000000BB /* ProjectDetailView.swift in Sources */,
				A100000000000000000003AB /* VideoTransferable.swift in Sources */,
				A100000000000000000004AB /* CompilationOptionsView.swift in Sources */,
				A100000000000000000007AB /* ProjectPlayerView.swift in Sources */,
				A100000000000000000009AB /* Theme.swift in Sources */,
			);
			runOnlyForDeploymentPostprocessing = 0;
		};
/* End PBXSourcesBuildPhase section */

/* Begin XCBuildConfiguration section */
		A100000000000000000001AA /* Debug */ = {
			isa = XCBuildConfiguration;
			buildSettings = {
				ALWAYS_SEARCH_USER_PATHS = NO;
				CLANG_ANALYZER_NONNULL = YES;
				CLANG_ANALYZER_NUMBER_OBJECT_CONVERSION = YES_AGGRESSIVE;
				CLANG_CXX_LANGUAGE_STANDARD = "gnu++20";
				CLANG_ENABLE_MODULES = YES;
				CLANG_ENABLE_OBJC_ARC = YES;
				CLANG_ENABLE_OBJC_WEAK = YES;
				CLANG_WARN_BLOCK_CAPTURE_AUTORELEASING = YES;
				CLANG_WARN_BOOL_CONVERSION = YES;
				CLANG_WARN_COMMA = YES;
				CLANG_WARN_CONSTANT_CONVERSION = YES;
				CLANG_WARN_DEPRECATED_OBJC_IMPLEMENTATIONS = YES;
				CLANG_WARN_DIRECT_OBJC_ISA_USAGE = YES_ERROR;
				CLANG_WARN_DOCUMENTATION_COMMENTS = YES;
				CLANG_WARN_EMPTY_BODY = YES;
				CLANG_WARN_ENUM_CONVERSION = YES;
				CLANG_WARN_INFINITE_RECURSION = YES;
				CLANG_WARN_INT_CONVERSION = YES;
				CLANG_WARN_NON_LITERAL_NULL_CONVERSION = YES;
				CLANG_WARN_OBJC_IMPLICIT_RETAIN_CYCLES = YES;
				CLANG_WARN_OBJC_LITERAL_CONVERSION = YES;
				CLANG_WARN_OBJC_ROOT_CLASS = YES_ERROR;
				CLANG_WARN_QUOTED_INCLUDE_IN_FRAMEWORK_HEADER = YES;
				CLANG_WARN_RANGE_LOOP_ANALYSIS = YES;
				CLANG_WARN_STRICT_PROTOTYPES = YES;
				CLANG_WARN_SUSPICIOUS_MOVE = YES;
				CLANG_WARN_UNGUARDED_AVAILABILITY = YES_AGGRESSIVE;
				CLANG_WARN_UNREACHABLE_CODE = YES;
				CLANG_WARN__DUPLICATE_METHOD_MATCH = YES;
				COPY_PHASE_STRIP = NO;
				DEBUG_INFORMATION_FORMAT = dwarf;
				ENABLE_STRICT_OBJC_MSGSEND = YES;
				ENABLE_TESTABILITY = YES;
				ENABLE_USER_SCRIPT_SANDBOXING = YES;
				GCC_C_LANGUAGE_STANDARD = gnu17;
				GCC_DYNAMIC_NO_PIC = NO;
				GCC_NO_COMMON_BLOCKS = YES;
				GCC_OPTIMIZATION_LEVEL = 0;
				GCC_PREPROCESSOR_DEFINITIONS = (
					"DEBUG=1",
					"$(inherited)",
				);
				GCC_WARN_64_TO_32_BIT_CONVERSION = YES;
				GCC_WARN_ABOUT_RETURN_TYPE = YES_ERROR;
				GCC_WARN_UNDECLARED_SELECTOR = YES;
				GCC_WARN_UNINITIALIZED_AUTOS = YES_AGGRESSIVE;
				GCC_WARN_UNUSED_FUNCTION = YES;
				GCC_WARN_UNUSED_VARIABLE = YES;
				IPHONEOS_DEPLOYMENT_TARGET = 17.0;
				MTL_ENABLE_DEBUG_INFO = INCLUDE_SOURCE;
				MTL_FAST_MATH = YES;
				ONLY_ACTIVE_ARCH = YES;
				SDKROOT = iphoneos;
				SWIFT_ACTIVE_COMPILATION_CONDITIONS = "DEBUG $(inherited)";
				SWIFT_OPTIMIZATION_LEVEL = "-Onone";
			};
			name = Debug;
		};
		A100000000000000000001BA /* Release */ = {
			isa = XCBuildConfiguration;
			buildSettings = {
				ALWAYS_SEARCH_USER_PATHS = NO;
				CLANG_ANALYZER_NONNULL = YES;
				CLANG_ANALYZER_NUMBER_OBJECT_CONVERSION = YES_AGGRESSIVE;
				CLANG_CXX_LANGUAGE_STANDARD = "gnu++20";
				CLANG_ENABLE_MODULES = YES;
				CLANG_ENABLE_OBJC_ARC = YES;
				CLANG_ENABLE_OBJC_WEAK = YES;
				CLANG_WARN_BLOCK_CAPTURE_AUTORELEASING = YES;
				CLANG_WARN_BOOL_CONVERSION = YES;
				CLANG_WARN_COMMA = YES;
				CLANG_WARN_CONSTANT_CONVERSION = YES;
				CLANG_WARN_DEPRECATED_OBJC_IMPLEMENTATIONS = YES;
				CLANG_WARN_DIRECT_OBJC_ISA_USAGE = YES_ERROR;
				CLANG_WARN_DOCUMENTATION_COMMENTS = YES;
				CLANG_WARN_EMPTY_BODY = YES;
				CLANG_WARN_ENUM_CONVERSION = YES;
				CLANG_WARN_INFINITE_RECURSION = YES;
				CLANG_WARN_INT_CONVERSION = YES;
				CLANG_WARN_NON_LITERAL_NULL_CONVERSION = YES;
				CLANG_WARN_OBJC_IMPLICIT_RETAIN_CYCLES = YES;
				CLANG_WARN_OBJC_LITERAL_CONVERSION = YES;
				CLANG_WARN_OBJC_ROOT_CLASS = YES_ERROR;
				CLANG_WARN_QUOTED_INCLUDE_IN_FRAMEWORK_HEADER = YES;
				CLANG_WARN_RANGE_LOOP_ANALYSIS = YES;
				CLANG_WARN_STRICT_PROTOTYPES = YES;
				CLANG_WARN_SUSPICIOUS_MOVE = YES;
				CLANG_WARN_UNGUARDED_AVAILABILITY = YES_AGGRESSIVE;
				CLANG_WARN_UNREACHABLE_CODE = YES;
				CLANG_WARN__DUPLICATE_METHOD_MATCH = YES;
				COPY_PHASE_STRIP = NO;
				DEBUG_INFORMATION_FORMAT = "dwarf-with-dsym";
				ENABLE_NS_ASSERTIONS = NO;
				ENABLE_STRICT_OBJC_MSGSEND = YES;
				ENABLE_USER_SCRIPT_SANDBOXING = YES;
				GCC_C_LANGUAGE_STANDARD = gnu17;
				GCC_NO_COMMON_BLOCKS = YES;
				GCC_WARN_64_TO_32_BIT_CONVERSION = YES;
				GCC_WARN_ABOUT_RETURN_TYPE = YES_ERROR;
				GCC_WARN_UNDECLARED_SELECTOR = YES;
				GCC_WARN_UNINITIALIZED_AUTOS = YES_AGGRESSIVE;
				GCC_WARN_UNUSED_FUNCTION = YES;
				GCC_WARN_UNUSED_VARIABLE = YES;
				IPHONEOS_DEPLOYMENT_TARGET = 17.0;
				MTL_FAST_MATH = YES;
				SDKROOT = iphoneos;
				SWIFT_COMPILATION_MODE = wholemodule;
				VALIDATE_PRODUCT = YES;
			};
			name = Release;
		};
		A100000000000000000001CA /* Debug */ = {
			isa = XCBuildConfiguration;
			buildSettings = {
				ASSETCATALOG_COMPILER_APPICON_NAME = AppIcon;
				ASSETCATALOG_COMPILER_GLOBAL_ACCENT_COLOR_NAME = AccentColor;
				CODE_SIGN_STYLE = Automatic;
				CURRENT_PROJECT_VERSION = 1;
				ENABLE_PREVIEWS = YES;
				GENERATE_INFOPLIST_FILE = NO;
				INFOPLIST_FILE = LifeClip/Info.plist;
				IPHONEOS_DEPLOYMENT_TARGET = 17.0;
				LD_RUNPATH_SEARCH_PATHS = (
					"$(inherited)",
					"@executable_path/Frameworks",
				);
				MARKETING_VERSION = 1.0;
				PRODUCT_BUNDLE_IDENTIFIER = com.lifeclip.app;
				PRODUCT_NAME = "$(TARGET_NAME)";
				SDKROOT = iphoneos;
				SUPPORTED_PLATFORMS = iphoneos;
				SUPPORTS_MACCATALYST = NO;
				SWIFT_EMIT_LOC_STRINGS = YES;
				SWIFT_VERSION = 5.0;
				TARGETED_DEVICE_FAMILY = 1;
			};
			name = Debug;
		};
		A100000000000000000001DA /* Release */ = {
			isa = XCBuildConfiguration;
			buildSettings = {
				ASSETCATALOG_COMPILER_APPICON_NAME = AppIcon;
				ASSETCATALOG_COMPILER_GLOBAL_ACCENT_COLOR_NAME = AccentColor;
				CODE_SIGN_STYLE = Automatic;
				CURRENT_PROJECT_VERSION = 1;
				ENABLE_PREVIEWS = YES;
				GENERATE_INFOPLIST_FILE = NO;
				INFOPLIST_FILE = LifeClip/Info.plist;
				IPHONEOS_DEPLOYMENT_TARGET = 17.0;
				LD_RUNPATH_SEARCH_PATHS = (
					"$(inherited)",
					"@executable_path/Frameworks",
				);
				MARKETING_VERSION = 1.0;
				PRODUCT_BUNDLE_IDENTIFIER = com.lifeclip.app;
				PRODUCT_NAME = "$(TARGET_NAME)";
				SDKROOT = iphoneos;
				SUPPORTED_PLATFORMS = iphoneos;
				SUPPORTS_MACCATALYST = NO;
				SWIFT_EMIT_LOC_STRINGS = YES;
				SWIFT_VERSION = 5.0;
				TARGETED_DEVICE_FAMILY = 1;
			};
			name = Release;
		};
/* End XCBuildConfiguration section */

/* Begin XCConfigurationList section */
		A100000000000000000001EA /* Build configuration list for PBXProject "LifeClip" */ = {
			isa = XCConfigurationList;
			buildConfigurations = (
				A100000000000000000001AA /* Debug */,
				A100000000000000000001BA /* Release */,
			);
			defaultConfigurationIsVisible = 0;
			defaultConfigurationName = Release;
		};
		A100000000000000000001FA /* Build configuration list for PBXNativeTarget "LifeClip" */ = {
			isa = XCConfigurationList;
			buildConfigurations = (
				A100000000000000000001CA /* Debug */,
				A100000000000000000001DA /* Release */,
			);
			defaultConfigurationIsVisible = 0;
			defaultConfigurationName = Release;
		};
/* End XCConfigurationList section */

	};
	rootObject = A1000000000000000000000A /* Project object */;
}
